
Microsoft Visual Studio Solution File, Format Version 12.00
# Visual Studio Version 17
VisualStudioVersion = 17.5.2.0
MinimumVisualStudioVersion = 10.0.40219.1
Project("{FAE04EC0-301F-11D3-BF4B-00C04F79EFBC}") = "CShapeBackend", "CShapeBackend\CShapeBackend.csproj", "{39A65093-D817-1DDC-0E0C-2E8037C82EB3}"
EndProject
Project("{FAE04EC0-301F-11D3-BF4B-00C04F79EFBC}") = "CShape.Shared", "CShape.Shared\CShape.Shared.csproj", "{BC72D334-3B82-422C-9B1F-BC923BE2180F}"
EndProject
Project("{FAE04EC0-301F-11D3-BF4B-00C04F79EFBC}") = "CShape.Maui", "CShape.Maui\CShape.Maui.csproj", "{6693E25A-6D21-495A-A73B-C37CB7A5C76D}"
EndProject
Project("{FAE04EC0-301F-11D3-BF4B-00C04F79EFBC}") = "CShape.Blazor", "CShape.Blazor\CShape.Blazor.csproj", "{080797D0-B2F4-420F-A2B7-8FBF37CEA727}"
EndProject
Global
	GlobalSection(SolutionConfigurationPlatforms) = preSolution
		Debug|Any CPU = Debug|Any CPU
		Debug|x64 = Debug|x64
		Debug|x86 = Debug|x86
		Release|Any CPU = Release|Any CPU
		Release|x64 = Release|x64
		Release|x86 = Release|x86
	EndGlobalSection
	GlobalSection(ProjectConfigurationPlatforms) = postSolution
		{39A65093-D817-1DDC-0E0C-2E8037C82EB3}.Debug|Any CPU.ActiveCfg = Debug|Any CPU
		{39A65093-D817-1DDC-0E0C-2E8037C82EB3}.Debug|Any CPU.Build.0 = Debug|Any CPU
		{39A65093-D817-1DDC-0E0C-2E8037C82EB3}.Debug|x64.ActiveCfg = Debug|Any CPU
		{39A65093-D817-1DDC-0E0C-2E8037C82EB3}.Debug|x64.Build.0 = Debug|Any CPU
		{39A65093-D817-1DDC-0E0C-2E8037C82EB3}.Debug|x86.ActiveCfg = Debug|Any CPU
		{39A65093-D817-1DDC-0E0C-2E8037C82EB3}.Debug|x86.Build.0 = Debug|Any CPU
		{39A65093-D817-1DDC-0E0C-2E8037C82EB3}.Release|Any CPU.ActiveCfg = Release|Any CPU
		{39A65093-D817-1DDC-0E0C-2E8037C82EB3}.Release|Any CPU.Build.0 = Release|Any CPU
		{39A65093-D817-1DDC-0E0C-2E8037C82EB3}.Release|x64.ActiveCfg = Release|Any CPU
		{39A65093-D817-1DDC-0E0C-2E8037C82EB3}.Release|x64.Build.0 = Release|Any CPU
		{39A65093-D817-1DDC-0E0C-2E8037C82EB3}.Release|x86.ActiveCfg = Release|Any CPU
		{39A65093-D817-1DDC-0E0C-2E8037C82EB3}.Release|x86.Build.0 = Release|Any CPU
		{BC72D334-3B82-422C-9B1F-BC923BE2180F}.Debug|Any CPU.ActiveCfg = Debug|Any CPU
		{BC72D334-3B82-422C-9B1F-BC923BE2180F}.Debug|Any CPU.Build.0 = Debug|Any CPU
		{BC72D334-3B82-422C-9B1F-BC923BE2180F}.Debug|x64.ActiveCfg = Debug|Any CPU
		{BC72D334-3B82-422C-9B1F-BC923BE2180F}.Debug|x64.Build.0 = Debug|Any CPU
		{BC72D334-3B82-422C-9B1F-BC923BE2180F}.Debug|x86.ActiveCfg = Debug|Any CPU
		{BC72D334-3B82-422C-9B1F-BC923BE2180F}.Debug|x86.Build.0 = Debug|Any CPU
		{BC72D334-3B82-422C-9B1F-BC923BE2180F}.Release|Any CPU.ActiveCfg = Release|Any CPU
		{BC72D334-3B82-422C-9B1F-BC923BE2180F}.Release|Any CPU.Build.0 = Release|Any CPU
		{BC72D334-3B82-422C-9B1F-BC923BE2180F}.Release|x64.ActiveCfg = Release|Any CPU
		{BC72D334-3B82-422C-9B1F-BC923BE2180F}.Release|x64.Build.0 = Release|Any CPU
		{BC72D334-3B82-422C-9B1F-BC923BE2180F}.Release|x86.ActiveCfg = Release|Any CPU
		{BC72D334-3B82-422C-9B1F-BC923BE2180F}.Release|x86.Build.0 = Release|Any CPU
		{6693E25A-6D21-495A-A73B-C37CB7A5C76D}.Debug|Any CPU.ActiveCfg = Debug|Any CPU
		{6693E25A-6D21-495A-A73B-C37CB7A5C76D}.Debug|Any CPU.Build.0 = Debug|Any CPU
		{6693E25A-6D21-495A-A73B-C37CB7A5C76D}.Debug|x64.ActiveCfg = Debug|Any CPU
		{6693E25A-6D21-495A-A73B-C37CB7A5C76D}.Debug|x64.Build.0 = Debug|Any CPU
		{6693E25A-6D21-495A-A73B-C37CB7A5C76D}.Debug|x86.ActiveCfg = Debug|Any CPU
		{6693E25A-6D21-495A-A73B-C37CB7A5C76D}.Debug|x86.Build.0 = Debug|Any CPU
		{6693E25A-6D21-495A-A73B-C37CB7A5C76D}.Release|Any CPU.ActiveCfg = Release|Any CPU
		{6693E25A-6D21-495A-A73B-C37CB7A5C76D}.Release|Any CPU.Build.0 = Release|Any CPU
		{6693E25A-6D21-495A-A73B-C37CB7A5C76D}.Release|x64.ActiveCfg = Release|Any CPU
		{6693E25A-6D21-495A-A73B-C37CB7A5C76D}.Release|x64.Build.0 = Release|Any CPU
		{6693E25A-6D21-495A-A73B-C37CB7A5C76D}.Release|x86.ActiveCfg = Release|Any CPU
		{6693E25A-6D21-495A-A73B-C37CB7A5C76D}.Release|x86.Build.0 = Release|Any CPU
		{080797D0-B2F4-420F-A2B7-8FBF37CEA727}.Debug|Any CPU.ActiveCfg = Debug|Any CPU
		{080797D0-B2F4-420F-A2B7-8FBF37CEA727}.Debug|Any CPU.Build.0 = Debug|Any CPU
		{080797D0-B2F4-420F-A2B7-8FBF37CEA727}.Debug|x64.ActiveCfg = Debug|Any CPU
		{080797D0-B2F4-420F-A2B7-8FBF37CEA727}.Debug|x64.Build.0 = Debug|Any CPU
		{080797D0-B2F4-420F-A2B7-8FBF37CEA727}.Debug|x86.ActiveCfg = Debug|Any CPU
		{080797D0-B2F4-420F-A2B7-8FBF37CEA727}.Debug|x86.Build.0 = Debug|Any CPU
		{080797D0-B2F4-420F-A2B7-8FBF37CEA727}.Release|Any CPU.ActiveCfg = Release|Any CPU
		{080797D0-B2F4-420F-A2B7-8FBF37CEA727}.Release|Any CPU.Build.0 = Release|Any CPU
		{080797D0-B2F4-420F-A2B7-8FBF37CEA727}.Release|x64.ActiveCfg = Release|Any CPU
		{080797D0-B2F4-420F-A2B7-8FBF37CEA727}.Release|x64.Build.0 = Release|Any CPU
		{080797D0-B2F4-420F-A2B7-8FBF37CEA727}.Release|x86.ActiveCfg = Release|Any CPU
		{080797D0-B2F4-420F-A2B7-8FBF37CEA727}.Release|x86.Build.0 = Release|Any CPU
	EndGlobalSection
	GlobalSection(SolutionProperties) = preSolution
		HideSolutionNode = FALSE
	EndGlobalSection
	GlobalSection(ExtensibilityGlobals) = postSolution
		SolutionGuid = {CFF0C215-6BC0-460B-ACF0-67E4607E795F}
	EndGlobalSection
EndGlobal
