Microsoft Visual Studio Solution File, Format Version 12.00
# Visual Studio Version 17
VisualStudioVersion = 17.5.2.0
MinimumVisualStudioVersion = 10.0.40219.1
Project("{FAE04EC0-301F-11D3-BF4B-00C04F79EFBC}") = "CShapeBackend", "CShapeBackend\CShapeBackend.csproj", "{39A65093-D817-1DDC-0E0C-2E8037C82EB3}"
EndProject
Global
	GlobalSection(SolutionConfigurationPlatforms) = preSolution
		Debug|Any CPU = Debug|Any CPU
		Release|Any CPU = Release|Any CPU
	EndGlobalSection
	GlobalSection(ProjectConfigurationPlatforms) = postSolution
		{39A65093-D817-1DDC-0E0C-2E8037C82EB3}.Debug|Any CPU.ActiveCfg = Debug|Any CPU
		{39A65093-D817-1DDC-0E0C-2E8037C82EB3}.Debug|Any CPU.Build.0 = Debug|Any CPU
		{39A65093-D817-1DDC-0E0C-2E8037C82EB3}.Release|Any CPU.ActiveCfg = Release|Any CPU
		{39A65093-D817-1DDC-0E0C-2E8037C82EB3}.Release|Any CPU.Build.0 = Release|Any CPU
	EndGlobalSection
	GlobalSection(SolutionProperties) = preSolution
		HideSolutionNode = FALSE
	EndGlobalSection
	GlobalSection(ExtensibilityGlobals) = postSolution
		SolutionGuid = {CFF0C215-6BC0-460B-ACF0-67E4607E795F}
	EndGlobalSection
EndGlobal
